
Microsoft Visual Studio Solution File, Format Version 12.00
# Visual Studio Version 17
VisualStudioVersion = 17.10.35013.160
MinimumVisualStudioVersion = 10.0.40219.1
Project("{FAE04EC0-301F-11D3-BF4B-00C04F79EFBC}") = "ThisConnect_WebApi", "ThisConnect_WebApi.csproj", "{719A95B2-CFB1-426F-9AAA-00CE48E14D81}"
EndProject
Global
	GlobalSection(SolutionConfigurationPlatforms) = preSolution
		Debug|Any CPU = Debug|Any CPU
		Release|Any CPU = Release|Any CPU
	EndGlobalSection
	GlobalSection(ProjectConfigurationPlatforms) = postSolution
		{719A95B2-CFB1-426F-9AAA-00CE48E14D81}.Debug|Any CPU.ActiveCfg = Debug|Any CPU
		{719A95B2-CFB1-426F-9AAA-00CE48E14D81}.Debug|Any CPU.Build.0 = Debug|Any CPU
		{719A95B2-CFB1-426F-9AAA-00CE48E14D81}.Release|Any CPU.ActiveCfg = Release|Any CPU
		{719A95B2-CFB1-426F-9AAA-00CE48E14D81}.Release|Any CPU.Build.0 = Release|Any CPU
	EndGlobalSection
	GlobalSection(SolutionProperties) = preSolution
		HideSolutionNode = FALSE
	EndGlobalSection
	GlobalSection(ExtensibilityGlobals) = postSolution
		SolutionGuid = {9274B85F-B198-40A9-80D1-DF6328CF169F}
	EndGlobalSection
EndGlobal
